
Microsoft Visual Studio Solution File, Format Version 12.00
# Visual Studio Version 16
VisualStudioVersion = 16.0.31410.357
MinimumVisualStudioVersion = 10.0.40219.1
Project("{9A19103F-16F7-4668-BE54-9A1E7A4F7556}") = "WebAPI", "WebAPI\WebAPI.csproj", "{06314A52-1CA4-485A-A6B0-41B087E6FA07}"
EndProject
Project("{9A19103F-16F7-4668-BE54-9A1E7A4F7556}") = "Interfaces", "Interfaces\Interfaces.csproj", "{556D00B4-E338-41D0-A953-52F427A7A65F}"
EndProject
Project("{9A19103F-16F7-4668-BE54-9A1E7A4F7556}") = "Service", "Service\Service.csproj", "{6B2E2C8A-01F1-46FF-B0ED-F6AD890D962F}"
EndProject
Project("{9A19103F-16F7-4668-BE54-9A1E7A4F7556}") = "DAL", "DAL\DAL.csproj", "{EE3B16D4-3F39-4410-BFFB-A57692A9E7BC}"
EndProject
Project("{9A19103F-16F7-4668-BE54-9A1E7A4F7556}") = "Entities", "Entities\Entities.csproj", "{338112BA-FE27-43F1-BBE1-F8B0D6E2AEF5}"
EndProject
Project("{9A19103F-16F7-4668-BE54-9A1E7A4F7556}") = "WebApp", "WebApp\WebApp.csproj", "{3D71B032-C681-4426-AF33-883285EA7DC5}"
EndProject
Project("{FAE04EC0-301F-11D3-BF4B-00C04F79EFBC}") = "PhoneApp.Android", "PhoneApp\PhoneApp.Android\PhoneApp.Android.csproj", "{F710B543-94A0-492D-9298-0470EA08E6B6}"
EndProject
Project("{FAE04EC0-301F-11D3-BF4B-00C04F79EFBC}") = "PhoneApp.iOS", "PhoneApp\PhoneApp.iOS\PhoneApp.iOS.csproj", "{857158F0-CFB1-4331-978B-D93592BE34ED}"
EndProject
Project("{9A19103F-16F7-4668-BE54-9A1E7A4F7556}") = "PhoneApp", "PhoneApp\PhoneApp\PhoneApp.csproj", "{55266E08-60DA-4FDC-98DD-07A10BF864B1}"
EndProject
Project("{2150E333-8FDC-42A3-9474-1A3956D46DE8}") = "Phone", "Phone", "{BF2530CA-264A-4AA4-BE01-5CB242C0215F}"
EndProject
Project("{2150E333-8FDC-42A3-9474-1A3956D46DE8}") = "API", "API", "{CF9193A8-17BA-457F-A952-7CF3B3E06046}"
EndProject
Project("{2150E333-8FDC-42A3-9474-1A3956D46DE8}") = "Web", "Web", "{9CCD1155-7BF7-47E1-AD70-CDE188AF0506}"
EndProject
Project("{2150E333-8FDC-42A3-9474-1A3956D46DE8}") = "Solution Items", "Solution Items", "{E0142CD7-0A29-41AE-AFC4-48C48972392A}"
	ProjectSection(SolutionItems) = preProject
		README.MD = README.MD
	EndProjectSection
EndProject
Global
	GlobalSection(SolutionConfigurationPlatforms) = preSolution
		Debug|Any CPU = Debug|Any CPU
		Debug|iPhone = Debug|iPhone
		Debug|iPhoneSimulator = Debug|iPhoneSimulator
		PublishDebug|Any CPU = PublishDebug|Any CPU
		PublishDebug|iPhone = PublishDebug|iPhone
		PublishDebug|iPhoneSimulator = PublishDebug|iPhoneSimulator
		Release|Any CPU = Release|Any CPU
		Release|iPhone = Release|iPhone
		Release|iPhoneSimulator = Release|iPhoneSimulator
	EndGlobalSection
	GlobalSection(ProjectConfigurationPlatforms) = postSolution
		{06314A52-1CA4-485A-A6B0-41B087E6FA07}.Debug|Any CPU.ActiveCfg = Debug|Any CPU
		{06314A52-1CA4-485A-A6B0-41B087E6FA07}.Debug|Any CPU.Build.0 = Debug|Any CPU
		{06314A52-1CA4-485A-A6B0-41B087E6FA07}.Debug|iPhone.ActiveCfg = Debug|Any CPU
		{06314A52-1CA4-485A-A6B0-41B087E6FA07}.Debug|iPhone.Build.0 = Debug|Any CPU
		{06314A52-1CA4-485A-A6B0-41B087E6FA07}.Debug|iPhoneSimulator.ActiveCfg = Debug|Any CPU
		{06314A52-1CA4-485A-A6B0-41B087E6FA07}.Debug|iPhoneSimulator.Build.0 = Debug|Any CPU
		{06314A52-1CA4-485A-A6B0-41B087E6FA07}.PublishDebug|Any CPU.ActiveCfg = Debug|Any CPU
		{06314A52-1CA4-485A-A6B0-41B087E6FA07}.PublishDebug|Any CPU.Build.0 = Debug|Any CPU
		{06314A52-1CA4-485A-A6B0-41B087E6FA07}.PublishDebug|iPhone.ActiveCfg = PublishDebug|Any CPU
		{06314A52-1CA4-485A-A6B0-41B087E6FA07}.PublishDebug|iPhone.Build.0 = PublishDebug|Any CPU
		{06314A52-1CA4-485A-A6B0-41B087E6FA07}.PublishDebug|iPhoneSimulator.ActiveCfg = PublishDebug|Any CPU
		{06314A52-1CA4-485A-A6B0-41B087E6FA07}.PublishDebug|iPhoneSimulator.Build.0 = PublishDebug|Any CPU
		{06314A52-1CA4-485A-A6B0-41B087E6FA07}.Release|Any CPU.ActiveCfg = Release|Any CPU
		{06314A52-1CA4-485A-A6B0-41B087E6FA07}.Release|Any CPU.Build.0 = Release|Any CPU
		{06314A52-1CA4-485A-A6B0-41B087E6FA07}.Release|iPhone.ActiveCfg = Release|Any CPU
		{06314A52-1CA4-485A-A6B0-41B087E6FA07}.Release|iPhone.Build.0 = Release|Any CPU
		{06314A52-1CA4-485A-A6B0-41B087E6FA07}.Release|iPhoneSimulator.ActiveCfg = Release|Any CPU
		{06314A52-1CA4-485A-A6B0-41B087E6FA07}.Release|iPhoneSimulator.Build.0 = Release|Any CPU
		{556D00B4-E338-41D0-A953-52F427A7A65F}.Debug|Any CPU.ActiveCfg = Debug|Any CPU
		{556D00B4-E338-41D0-A953-52F427A7A65F}.Debug|Any CPU.Build.0 = Debug|Any CPU
		{556D00B4-E338-41D0-A953-52F427A7A65F}.Debug|iPhone.ActiveCfg = Debug|Any CPU
		{556D00B4-E338-41D0-A953-52F427A7A65F}.Debug|iPhone.Build.0 = Debug|Any CPU
		{556D00B4-E338-41D0-A953-52F427A7A65F}.Debug|iPhoneSimulator.ActiveCfg = Debug|Any CPU
		{556D00B4-E338-41D0-A953-52F427A7A65F}.Debug|iPhoneSimulator.Build.0 = Debug|Any CPU
		{556D00B4-E338-41D0-A953-52F427A7A65F}.PublishDebug|Any CPU.ActiveCfg = Debug|Any CPU
		{556D00B4-E338-41D0-A953-52F427A7A65F}.PublishDebug|Any CPU.Build.0 = Debug|Any CPU
		{556D00B4-E338-41D0-A953-52F427A7A65F}.PublishDebug|iPhone.ActiveCfg = PublishDebug|Any CPU
		{556D00B4-E338-41D0-A953-52F427A7A65F}.PublishDebug|iPhone.Build.0 = PublishDebug|Any CPU
		{556D00B4-E338-41D0-A953-52F427A7A65F}.PublishDebug|iPhoneSimulator.ActiveCfg = PublishDebug|Any CPU
		{556D00B4-E338-41D0-A953-52F427A7A65F}.PublishDebug|iPhoneSimulator.Build.0 = PublishDebug|Any CPU
		{556D00B4-E338-41D0-A953-52F427A7A65F}.Release|Any CPU.ActiveCfg = Release|Any CPU
		{556D00B4-E338-41D0-A953-52F427A7A65F}.Release|Any CPU.Build.0 = Release|Any CPU
		{556D00B4-E338-41D0-A953-52F427A7A65F}.Release|iPhone.ActiveCfg = Release|Any CPU
		{556D00B4-E338-41D0-A953-52F427A7A65F}.Release|iPhone.Build.0 = Release|Any CPU
		{556D00B4-E338-41D0-A953-52F427A7A65F}.Release|iPhoneSimulator.ActiveCfg = Release|Any CPU
		{556D00B4-E338-41D0-A953-52F427A7A65F}.Release|iPhoneSimulator.Build.0 = Release|Any CPU
		{6B2E2C8A-01F1-46FF-B0ED-F6AD890D962F}.Debug|Any CPU.ActiveCfg = Debug|Any CPU
		{6B2E2C8A-01F1-46FF-B0ED-F6AD890D962F}.Debug|Any CPU.Build.0 = Debug|Any CPU
		{6B2E2C8A-01F1-46FF-B0ED-F6AD890D962F}.Debug|iPhone.ActiveCfg = Debug|Any CPU
		{6B2E2C8A-01F1-46FF-B0ED-F6AD890D962F}.Debug|iPhone.Build.0 = Debug|Any CPU
		{6B2E2C8A-01F1-46FF-B0ED-F6AD890D962F}.Debug|iPhoneSimulator.ActiveCfg = Debug|Any CPU
		{6B2E2C8A-01F1-46FF-B0ED-F6AD890D962F}.Debug|iPhoneSimulator.Build.0 = Debug|Any CPU
		{6B2E2C8A-01F1-46FF-B0ED-F6AD890D962F}.PublishDebug|Any CPU.ActiveCfg = Debug|Any CPU
		{6B2E2C8A-01F1-46FF-B0ED-F6AD890D962F}.PublishDebug|Any CPU.Build.0 = Debug|Any CPU
		{6B2E2C8A-01F1-46FF-B0ED-F6AD890D962F}.PublishDebug|iPhone.ActiveCfg = PublishDebug|Any CPU
		{6B2E2C8A-01F1-46FF-B0ED-F6AD890D962F}.PublishDebug|iPhone.Build.0 = PublishDebug|Any CPU
		{6B2E2C8A-01F1-46FF-B0ED-F6AD890D962F}.PublishDebug|iPhoneSimulator.ActiveCfg = PublishDebug|Any CPU
		{6B2E2C8A-01F1-46FF-B0ED-F6AD890D962F}.PublishDebug|iPhoneSimulator.Build.0 = PublishDebug|Any CPU
		{6B2E2C8A-01F1-46FF-B0ED-F6AD890D962F}.Release|Any CPU.ActiveCfg = Release|Any CPU
		{6B2E2C8A-01F1-46FF-B0ED-F6AD890D962F}.Release|Any CPU.Build.0 = Release|Any CPU
		{6B2E2C8A-01F1-46FF-B0ED-F6AD890D962F}.Release|iPhone.ActiveCfg = Release|Any CPU
		{6B2E2C8A-01F1-46FF-B0ED-F6AD890D962F}.Release|iPhone.Build.0 = Release|Any CPU
		{6B2E2C8A-01F1-46FF-B0ED-F6AD890D962F}.Release|iPhoneSimulator.ActiveCfg = Release|Any CPU
		{6B2E2C8A-01F1-46FF-B0ED-F6AD890D962F}.Release|iPhoneSimulator.Build.0 = Release|Any CPU
		{EE3B16D4-3F39-4410-BFFB-A57692A9E7BC}.Debug|Any CPU.ActiveCfg = Debug|Any CPU
		{EE3B16D4-3F39-4410-BFFB-A57692A9E7BC}.Debug|Any CPU.Build.0 = Debug|Any CPU
		{EE3B16D4-3F39-4410-BFFB-A57692A9E7BC}.Debug|iPhone.ActiveCfg = Debug|Any CPU
		{EE3B16D4-3F39-4410-BFFB-A57692A9E7BC}.Debug|iPhone.Build.0 = Debug|Any CPU
		{EE3B16D4-3F39-4410-BFFB-A57692A9E7BC}.Debug|iPhoneSimulator.ActiveCfg = Debug|Any CPU
		{EE3B16D4-3F39-4410-BFFB-A57692A9E7BC}.Debug|iPhoneSimulator.Build.0 = Debug|Any CPU
		{EE3B16D4-3F39-4410-BFFB-A57692A9E7BC}.PublishDebug|Any CPU.ActiveCfg = Debug|Any CPU
		{EE3B16D4-3F39-4410-BFFB-A57692A9E7BC}.PublishDebug|Any CPU.Build.0 = Debug|Any CPU
		{EE3B16D4-3F39-4410-BFFB-A57692A9E7BC}.PublishDebug|iPhone.ActiveCfg = PublishDebug|Any CPU
		{EE3B16D4-3F39-4410-BFFB-A57692A9E7BC}.PublishDebug|iPhone.Build.0 = PublishDebug|Any CPU
		{EE3B16D4-3F39-4410-BFFB-A57692A9E7BC}.PublishDebug|iPhoneSimulator.ActiveCfg = PublishDebug|Any CPU
		{EE3B16D4-3F39-4410-BFFB-A57692A9E7BC}.PublishDebug|iPhoneSimulator.Build.0 = PublishDebug|Any CPU
		{EE3B16D4-3F39-4410-BFFB-A57692A9E7BC}.Release|Any CPU.ActiveCfg = Release|Any CPU
		{EE3B16D4-3F39-4410-BFFB-A57692A9E7BC}.Release|Any CPU.Build.0 = Release|Any CPU
		{EE3B16D4-3F39-4410-BFFB-A57692A9E7BC}.Release|iPhone.ActiveCfg = Release|Any CPU
		{EE3B16D4-3F39-4410-BFFB-A57692A9E7BC}.Release|iPhone.Build.0 = Release|Any CPU
		{EE3B16D4-3F39-4410-BFFB-A57692A9E7BC}.Release|iPhoneSimulator.ActiveCfg = Release|Any CPU
		{EE3B16D4-3F39-4410-BFFB-A57692A9E7BC}.Release|iPhoneSimulator.Build.0 = Release|Any CPU
		{338112BA-FE27-43F1-BBE1-F8B0D6E2AEF5}.Debug|Any CPU.ActiveCfg = Debug|Any CPU
		{338112BA-FE27-43F1-BBE1-F8B0D6E2AEF5}.Debug|Any CPU.Build.0 = Debug|Any CPU
		{338112BA-FE27-43F1-BBE1-F8B0D6E2AEF5}.Debug|iPhone.ActiveCfg = Debug|Any CPU
		{338112BA-FE27-43F1-BBE1-F8B0D6E2AEF5}.Debug|iPhone.Build.0 = Debug|Any CPU
		{338112BA-FE27-43F1-BBE1-F8B0D6E2AEF5}.Debug|iPhoneSimulator.ActiveCfg = Debug|Any CPU
		{338112BA-FE27-43F1-BBE1-F8B0D6E2AEF5}.Debug|iPhoneSimulator.Build.0 = Debug|Any CPU
		{338112BA-FE27-43F1-BBE1-F8B0D6E2AEF5}.PublishDebug|Any CPU.ActiveCfg = Debug|Any CPU
		{338112BA-FE27-43F1-BBE1-F8B0D6E2AEF5}.PublishDebug|Any CPU.Build.0 = Debug|Any CPU
		{338112BA-FE27-43F1-BBE1-F8B0D6E2AEF5}.PublishDebug|iPhone.ActiveCfg = PublishDebug|Any CPU
		{338112BA-FE27-43F1-BBE1-F8B0D6E2AEF5}.PublishDebug|iPhone.Build.0 = PublishDebug|Any CPU
		{338112BA-FE27-43F1-BBE1-F8B0D6E2AEF5}.PublishDebug|iPhoneSimulator.ActiveCfg = PublishDebug|Any CPU
		{338112BA-FE27-43F1-BBE1-F8B0D6E2AEF5}.PublishDebug|iPhoneSimulator.Build.0 = PublishDebug|Any CPU
		{338112BA-FE27-43F1-BBE1-F8B0D6E2AEF5}.Release|Any CPU.ActiveCfg = Release|Any CPU
		{338112BA-FE27-43F1-BBE1-F8B0D6E2AEF5}.Release|Any CPU.Build.0 = Release|Any CPU
		{338112BA-FE27-43F1-BBE1-F8B0D6E2AEF5}.Release|iPhone.ActiveCfg = Release|Any CPU
		{338112BA-FE27-43F1-BBE1-F8B0D6E2AEF5}.Release|iPhone.Build.0 = Release|Any CPU
		{338112BA-FE27-43F1-BBE1-F8B0D6E2AEF5}.Release|iPhoneSimulator.ActiveCfg = Release|Any CPU
		{338112BA-FE27-43F1-BBE1-F8B0D6E2AEF5}.Release|iPhoneSimulator.Build.0 = Release|Any CPU
		{3D71B032-C681-4426-AF33-883285EA7DC5}.Debug|Any CPU.ActiveCfg = Debug|Any CPU
		{3D71B032-C681-4426-AF33-883285EA7DC5}.Debug|iPhone.ActiveCfg = Debug|Any CPU
		{3D71B032-C681-4426-AF33-883285EA7DC5}.Debug|iPhone.Build.0 = Debug|Any CPU
		{3D71B032-C681-4426-AF33-883285EA7DC5}.Debug|iPhoneSimulator.ActiveCfg = Debug|Any CPU
		{3D71B032-C681-4426-AF33-883285EA7DC5}.Debug|iPhoneSimulator.Build.0 = Debug|Any CPU
		{3D71B032-C681-4426-AF33-883285EA7DC5}.PublishDebug|Any CPU.ActiveCfg = Debug|Any CPU
		{3D71B032-C681-4426-AF33-883285EA7DC5}.PublishDebug|iPhone.ActiveCfg = PublishDebug|Any CPU
		{3D71B032-C681-4426-AF33-883285EA7DC5}.PublishDebug|iPhone.Build.0 = PublishDebug|Any CPU
		{3D71B032-C681-4426-AF33-883285EA7DC5}.PublishDebug|iPhoneSimulator.ActiveCfg = PublishDebug|Any CPU
		{3D71B032-C681-4426-AF33-883285EA7DC5}.PublishDebug|iPhoneSimulator.Build.0 = PublishDebug|Any CPU
		{3D71B032-C681-4426-AF33-883285EA7DC5}.Release|Any CPU.ActiveCfg = Release|Any CPU
		{3D71B032-C681-4426-AF33-883285EA7DC5}.Release|Any CPU.Build.0 = Release|Any CPU
		{3D71B032-C681-4426-AF33-883285EA7DC5}.Release|iPhone.ActiveCfg = Release|Any CPU
		{3D71B032-C681-4426-AF33-883285EA7DC5}.Release|iPhone.Build.0 = Release|Any CPU
		{3D71B032-C681-4426-AF33-883285EA7DC5}.Release|iPhoneSimulator.ActiveCfg = Release|Any CPU
		{3D71B032-C681-4426-AF33-883285EA7DC5}.Release|iPhoneSimulator.Build.0 = Release|Any CPU
		{F710B543-94A0-492D-9298-0470EA08E6B6}.Debug|Any CPU.ActiveCfg = Debug|Any CPU
		{F710B543-94A0-492D-9298-0470EA08E6B6}.Debug|Any CPU.Build.0 = Debug|Any CPU
		{F710B543-94A0-492D-9298-0470EA08E6B6}.Debug|Any CPU.Deploy.0 = Debug|Any CPU
		{F710B543-94A0-492D-9298-0470EA08E6B6}.Debug|iPhone.ActiveCfg = Debug|Any CPU
		{F710B543-94A0-492D-9298-0470EA08E6B6}.Debug|iPhone.Build.0 = Debug|Any CPU
		{F710B543-94A0-492D-9298-0470EA08E6B6}.Debug|iPhone.Deploy.0 = Debug|Any CPU
		{F710B543-94A0-492D-9298-0470EA08E6B6}.Debug|iPhoneSimulator.ActiveCfg = Debug|Any CPU
		{F710B543-94A0-492D-9298-0470EA08E6B6}.Debug|iPhoneSimulator.Build.0 = Debug|Any CPU
		{F710B543-94A0-492D-9298-0470EA08E6B6}.Debug|iPhoneSimulator.Deploy.0 = Debug|Any CPU
		{F710B543-94A0-492D-9298-0470EA08E6B6}.PublishDebug|Any CPU.ActiveCfg = Debug|Any CPU
		{F710B543-94A0-492D-9298-0470EA08E6B6}.PublishDebug|Any CPU.Build.0 = Debug|Any CPU
		{F710B543-94A0-492D-9298-0470EA08E6B6}.PublishDebug|Any CPU.Deploy.0 = Debug|Any CPU
		{F710B543-94A0-492D-9298-0470EA08E6B6}.PublishDebug|iPhone.ActiveCfg = Debug|Any CPU
		{F710B543-94A0-492D-9298-0470EA08E6B6}.PublishDebug|iPhone.Build.0 = Debug|Any CPU
		{F710B543-94A0-492D-9298-0470EA08E6B6}.PublishDebug|iPhone.Deploy.0 = Debug|Any CPU
		{F710B543-94A0-492D-9298-0470EA08E6B6}.PublishDebug|iPhoneSimulator.ActiveCfg = Debug|Any CPU
		{F710B543-94A0-492D-9298-0470EA08E6B6}.PublishDebug|iPhoneSimulator.Build.0 = Debug|Any CPU
		{F710B543-94A0-492D-9298-0470EA08E6B6}.PublishDebug|iPhoneSimulator.Deploy.0 = Debug|Any CPU
		{F710B543-94A0-492D-9298-0470EA08E6B6}.Release|Any CPU.ActiveCfg = Release|Any CPU
		{F710B543-94A0-492D-9298-0470EA08E6B6}.Release|Any CPU.Build.0 = Release|Any CPU
		{F710B543-94A0-492D-9298-0470EA08E6B6}.Release|Any CPU.Deploy.0 = Release|Any CPU
		{F710B543-94A0-492D-9298-0470EA08E6B6}.Release|iPhone.ActiveCfg = Release|Any CPU
		{F710B543-94A0-492D-9298-0470EA08E6B6}.Release|iPhone.Build.0 = Release|Any CPU
		{F710B543-94A0-492D-9298-0470EA08E6B6}.Release|iPhone.Deploy.0 = Release|Any CPU
		{F710B543-94A0-492D-9298-0470EA08E6B6}.Release|iPhoneSimulator.ActiveCfg = Release|Any CPU
		{F710B543-94A0-492D-9298-0470EA08E6B6}.Release|iPhoneSimulator.Build.0 = Release|Any CPU
		{F710B543-94A0-492D-9298-0470EA08E6B6}.Release|iPhoneSimulator.Deploy.0 = Release|Any CPU
		{857158F0-CFB1-4331-978B-D93592BE34ED}.Debug|Any CPU.ActiveCfg = Debug|iPhoneSimulator
		{857158F0-CFB1-4331-978B-D93592BE34ED}.Debug|iPhone.ActiveCfg = Debug|iPhone
		{857158F0-CFB1-4331-978B-D93592BE34ED}.Debug|iPhone.Build.0 = Debug|iPhone
		{857158F0-CFB1-4331-978B-D93592BE34ED}.Debug|iPhoneSimulator.ActiveCfg = Debug|iPhoneSimulator
		{857158F0-CFB1-4331-978B-D93592BE34ED}.Debug|iPhoneSimulator.Build.0 = Debug|iPhoneSimulator
		{857158F0-CFB1-4331-978B-D93592BE34ED}.PublishDebug|Any CPU.ActiveCfg = Debug|iPhoneSimulator
		{857158F0-CFB1-4331-978B-D93592BE34ED}.PublishDebug|Any CPU.Build.0 = Debug|iPhoneSimulator
		{857158F0-CFB1-4331-978B-D93592BE34ED}.PublishDebug|iPhone.ActiveCfg = Debug|iPhone
		{857158F0-CFB1-4331-978B-D93592BE34ED}.PublishDebug|iPhone.Build.0 = Debug|iPhone
		{857158F0-CFB1-4331-978B-D93592BE34ED}.PublishDebug|iPhoneSimulator.ActiveCfg = Debug|iPhoneSimulator
		{857158F0-CFB1-4331-978B-D93592BE34ED}.PublishDebug|iPhoneSimulator.Build.0 = Debug|iPhoneSimulator
		{857158F0-CFB1-4331-978B-D93592BE34ED}.Release|Any CPU.ActiveCfg = Release|iPhoneSimulator
		{857158F0-CFB1-4331-978B-D93592BE34ED}.Release|iPhone.ActiveCfg = Release|iPhone
		{857158F0-CFB1-4331-978B-D93592BE34ED}.Release|iPhone.Build.0 = Release|iPhone
		{857158F0-CFB1-4331-978B-D93592BE34ED}.Release|iPhoneSimulator.ActiveCfg = Release|iPhoneSimulator
		{857158F0-CFB1-4331-978B-D93592BE34ED}.Release|iPhoneSimulator.Build.0 = Release|iPhoneSimulator
		{55266E08-60DA-4FDC-98DD-07A10BF864B1}.Debug|Any CPU.ActiveCfg = Debug|Any CPU
		{55266E08-60DA-4FDC-98DD-07A10BF864B1}.Debug|Any CPU.Build.0 = Debug|Any CPU
		{55266E08-60DA-4FDC-98DD-07A10BF864B1}.Debug|iPhone.ActiveCfg = Debug|Any CPU
		{55266E08-60DA-4FDC-98DD-07A10BF864B1}.Debug|iPhone.Build.0 = Debug|Any CPU
		{55266E08-60DA-4FDC-98DD-07A10BF864B1}.Debug|iPhoneSimulator.ActiveCfg = Debug|Any CPU
		{55266E08-60DA-4FDC-98DD-07A10BF864B1}.Debug|iPhoneSimulator.Build.0 = Debug|Any CPU
		{55266E08-60DA-4FDC-98DD-07A10BF864B1}.PublishDebug|Any CPU.ActiveCfg = Debug|Any CPU
		{55266E08-60DA-4FDC-98DD-07A10BF864B1}.PublishDebug|Any CPU.Build.0 = Debug|Any CPU
		{55266E08-60DA-4FDC-98DD-07A10BF864B1}.PublishDebug|iPhone.ActiveCfg = Debug|Any CPU
		{55266E08-60DA-4FDC-98DD-07A10BF864B1}.PublishDebug|iPhone.Build.0 = Debug|Any CPU
		{55266E08-60DA-4FDC-98DD-07A10BF864B1}.PublishDebug|iPhoneSimulator.ActiveCfg = Debug|Any CPU
		{55266E08-60DA-4FDC-98DD-07A10BF864B1}.PublishDebug|iPhoneSimulator.Build.0 = Debug|Any CPU
		{55266E08-60DA-4FDC-98DD-07A10BF864B1}.Release|Any CPU.ActiveCfg = Release|Any CPU
		{55266E08-60DA-4FDC-98DD-07A10BF864B1}.Release|Any CPU.Build.0 = Release|Any CPU
		{55266E08-60DA-4FDC-98DD-07A10BF864B1}.Release|iPhone.ActiveCfg = Release|Any CPU
		{55266E08-60DA-4FDC-98DD-07A10BF864B1}.Release|iPhone.Build.0 = Release|Any CPU
		{55266E08-60DA-4FDC-98DD-07A10BF864B1}.Release|iPhoneSimulator.ActiveCfg = Release|Any CPU
		{55266E08-60DA-4FDC-98DD-07A10BF864B1}.Release|iPhoneSimulator.Build.0 = Release|Any CPU
	EndGlobalSection
	GlobalSection(SolutionProperties) = preSolution
		HideSolutionNode = FALSE
	EndGlobalSection
	GlobalSection(NestedProjects) = preSolution
		{06314A52-1CA4-485A-A6B0-41B087E6FA07} = {CF9193A8-17BA-457F-A952-7CF3B3E06046}
		{556D00B4-E338-41D0-A953-52F427A7A65F} = {CF9193A8-17BA-457F-A952-7CF3B3E06046}
		{6B2E2C8A-01F1-46FF-B0ED-F6AD890D962F} = {CF9193A8-17BA-457F-A952-7CF3B3E06046}
		{EE3B16D4-3F39-4410-BFFB-A57692A9E7BC} = {CF9193A8-17BA-457F-A952-7CF3B3E06046}
		{338112BA-FE27-43F1-BBE1-F8B0D6E2AEF5} = {CF9193A8-17BA-457F-A952-7CF3B3E06046}
		{3D71B032-C681-4426-AF33-883285EA7DC5} = {9CCD1155-7BF7-47E1-AD70-CDE188AF0506}
		{F710B543-94A0-492D-9298-0470EA08E6B6} = {BF2530CA-264A-4AA4-BE01-5CB242C0215F}
		{857158F0-CFB1-4331-978B-D93592BE34ED} = {BF2530CA-264A-4AA4-BE01-5CB242C0215F}
		{55266E08-60DA-4FDC-98DD-07A10BF864B1} = {BF2530CA-264A-4AA4-BE01-5CB242C0215F}
	EndGlobalSection
	GlobalSection(ExtensibilityGlobals) = postSolution
		SolutionGuid = {C49915B3-8A2F-462A-A50B-6179DD9195FF}
	EndGlobalSection
EndGlobal
